
Microsoft Visual Studio Solution File, Format Version 12.00
# Visual Studio Version 17
VisualStudioVersion = 17.9.34701.34
MinimumVisualStudioVersion = 10.0.40219.1
Project("{FAE04EC0-301F-11D3-BF4B-00C04F79EFBC}") = "TextRPG", "TextRPG\TextRPG.csproj", "{B685A9C8-153C-4E94-B158-E51EF5B4573B}"
EndProject
Project("{FAE04EC0-301F-11D3-BF4B-00C04F79EFBC}") = "Inheritance_RPG", "Inheritance_RPG\Inheritance_RPG.csproj", "{84333B35-6DC8-4D23-9252-5612AD6E8DB7}"
EndProject
Project("{FAE04EC0-301F-11D3-BF4B-00C04F79EFBC}") = "MorePratial", "Moreleture\MorePratial.csproj", "{F2F0C18D-661F-4797-8B4B-0C5063AB704F}"
EndProject
Global
	GlobalSection(SolutionConfigurationPlatforms) = preSolution
		Debug|Any CPU = Debug|Any CPU
		Release|Any CPU = Release|Any CPU
	EndGlobalSection
	GlobalSection(ProjectConfigurationPlatforms) = postSolution
		{B685A9C8-153C-4E94-B158-E51EF5B4573B}.Debug|Any CPU.ActiveCfg = Debug|Any CPU
		{B685A9C8-153C-4E94-B158-E51EF5B4573B}.Debug|Any CPU.Build.0 = Debug|Any CPU
		{B685A9C8-153C-4E94-B158-E51EF5B4573B}.Release|Any CPU.ActiveCfg = Release|Any CPU
		{B685A9C8-153C-4E94-B158-E51EF5B4573B}.Release|Any CPU.Build.0 = Release|Any CPU
		{84333B35-6DC8-4D23-9252-5612AD6E8DB7}.Debug|Any CPU.ActiveCfg = Debug|Any CPU
		{84333B35-6DC8-4D23-9252-5612AD6E8DB7}.Debug|Any CPU.Build.0 = Debug|Any CPU
		{84333B35-6DC8-4D23-9252-5612AD6E8DB7}.Release|Any CPU.ActiveCfg = Release|Any CPU
		{84333B35-6DC8-4D23-9252-5612AD6E8DB7}.Release|Any CPU.Build.0 = Release|Any CPU
		{F2F0C18D-661F-4797-8B4B-0C5063AB704F}.Debug|Any CPU.ActiveCfg = Debug|Any CPU
		{F2F0C18D-661F-4797-8B4B-0C5063AB704F}.Debug|Any CPU.Build.0 = Debug|Any CPU
		{F2F0C18D-661F-4797-8B4B-0C5063AB704F}.Release|Any CPU.ActiveCfg = Release|Any CPU
		{F2F0C18D-661F-4797-8B4B-0C5063AB704F}.Release|Any CPU.Build.0 = Release|Any CPU
	EndGlobalSection
	GlobalSection(SolutionProperties) = preSolution
		HideSolutionNode = FALSE
	EndGlobalSection
	GlobalSection(ExtensibilityGlobals) = postSolution
		SolutionGuid = {78AE5EC3-5A20-4334-997A-4A5806C252D9}
	EndGlobalSection
EndGlobal
